
Microsoft Visual Studio Solution File, Format Version 12.00
# Visual Studio Version 17
VisualStudioVersion = 17.10.35027.167
MinimumVisualStudioVersion = 10.0.40219.1
Project("{FAE04EC0-301F-11D3-BF4B-00C04F79EFBC}") = "TimesynqServer", "TimesynqServer\TimesynqServer.csproj", "{0A2663BB-8EB2-47D3-833F-25BB99424558}"
EndProject
Project("{FAE04EC0-301F-11D3-BF4B-00C04F79EFBC}") = "TimesynqServer.Persistence", "TimesynqServer.Persistence\TimesynqServer.Persistence.csproj", "{94F0916C-813F-4875-BF49-1D826C3E6439}"
EndProject
Global
	GlobalSection(SolutionConfigurationPlatforms) = preSolution
		Debug|Any CPU = Debug|Any CPU
		Release|Any CPU = Release|Any CPU
	EndGlobalSection
	GlobalSection(ProjectConfigurationPlatforms) = postSolution
		{0A2663BB-8EB2-47D3-833F-25BB99424558}.Debug|Any CPU.ActiveCfg = Debug|Any CPU
		{0A2663BB-8EB2-47D3-833F-25BB99424558}.Debug|Any CPU.Build.0 = Debug|Any CPU
		{0A2663BB-8EB2-47D3-833F-25BB99424558}.Release|Any CPU.ActiveCfg = Release|Any CPU
		{0A2663BB-8EB2-47D3-833F-25BB99424558}.Release|Any CPU.Build.0 = Release|Any CPU
		{94F0916C-813F-4875-BF49-1D826C3E6439}.Debug|Any CPU.ActiveCfg = Debug|Any CPU
		{94F0916C-813F-4875-BF49-1D826C3E6439}.Debug|Any CPU.Build.0 = Debug|Any CPU
		{94F0916C-813F-4875-BF49-1D826C3E6439}.Release|Any CPU.ActiveCfg = Release|Any CPU
		{94F0916C-813F-4875-BF49-1D826C3E6439}.Release|Any CPU.Build.0 = Release|Any CPU
	EndGlobalSection
	GlobalSection(SolutionProperties) = preSolution
		HideSolutionNode = FALSE
	EndGlobalSection
	GlobalSection(ExtensibilityGlobals) = postSolution
		SolutionGuid = {2015FAF1-1627-41B3-A8E2-76DF91A28D01}
	EndGlobalSection
EndGlobal
